
Microsoft Visual Studio Solution File, Format Version 12.00
# Visual Studio 15
VisualStudioVersion = 15.0.28307.421
MinimumVisualStudioVersion = 10.0.40219.1
Project("{FAE04EC0-301F-11D3-BF4B-00C04F79EFBC}") = "cadUsers", "cadUsers\cadUsers.csproj", "{7807D613-8EF4-4D13-BDC8-D60B34977DBA}"
EndProject
Global
	GlobalSection(SolutionConfigurationPlatforms) = preSolution
		Debug|Any CPU = Debug|Any CPU
		Release|Any CPU = Release|Any CPU
	EndGlobalSection
	GlobalSection(ProjectConfigurationPlatforms) = postSolution
		{7807D613-8EF4-4D13-BDC8-D60B34977DBA}.Debug|Any CPU.ActiveCfg = Debug|Any CPU
		{7807D613-8EF4-4D13-BDC8-D60B34977DBA}.Debug|Any CPU.Build.0 = Debug|Any CPU
		{7807D613-8EF4-4D13-BDC8-D60B34977DBA}.Release|Any CPU.ActiveCfg = Release|Any CPU
		{7807D613-8EF4-4D13-BDC8-D60B34977DBA}.Release|Any CPU.Build.0 = Release|Any CPU
	EndGlobalSection
	GlobalSection(SolutionProperties) = preSolution
		HideSolutionNode = FALSE
	EndGlobalSection
	GlobalSection(ExtensibilityGlobals) = postSolution
		SolutionGuid = {BAB0A524-8D1B-42DD-AB76-9687374582AC}
	EndGlobalSection
EndGlobal
